PODS:
  - CTMediator (25)
  - huhsxModulA (0.0.5):
    - CTMediator
    - huhsxModulCategoryB
  - huhsxModulB (5)
  - huhsxModulCategoryB (0.0.3):
    - CTMediator
  - huhsxModulCategotyA (3):
    - CTMediator

DEPENDENCIES:
  - huhsxModulA (~> 0.0.5)
  - huhsxModulB
  - huhsxModulCategoryB (~> 0.0.3)
  - huhsxModulCategotyA

SPEC REPOS:
  https://github.com/cocoapods/specs.git:
    - CTMediator
  https://github.com/ModulizationTestOrg/huhsxSpecs.git:
    - huhsxModulA
    - huhsxModulB
    - huhsxModulCategoryB
    - huhsxModulCategotyA

SPEC CHECKSUMS:
  CTMediator: 830c1fc204b3a6abf2a059510c7380f56343da0f
  huhsxModulA: 2fabc3bfb967e4ce520988dbd578aeeb415920e4
  huhsxModulB: e76ad98feb0b867a96bf048986fad3732e3d22cd
  huhsxModulCategoryB: 3f2a081cab62fc013da833fc109a0a23564fb433
  huhsxModulCategotyA: 7ebdd02aeccd862d575e9faacfd22abedee16dd2

PODFILE CHECKSUM: c26eb46a03db47410cf3362a80b614d21cd65bef

COCOAPODS: 1.7.5
